# THIS IS AN AUTOGENERATED FILE. DO NOT EDIT THIS FILE DIRECTLY.
# yarn lockfile v1


flug@^2.3.1:
  version "2.3.1"
  resolved "https://registry.yarnpkg.com/flug/-/flug-2.3.1.tgz#ed4b964607288b8d28d724c52e98291f5e352694"
  integrity sha512-qIjT6U3GtcXpYoH4l9/33UZv0/1pEB13bbHFc7W0UK9Kv+sEb6Z9s+UucHW+Tcn3FENAPphkeGcpeMZBa9UakA==
